// !$*UTF8*$!
{
	archiveVersion = 1;
	classes = {
	};
	objectVersion = 48;
	objects = {

/* Begin PBXBuildFile section */
		55B5DA521F3ED1C800194EF9 /* AppDelegate.swift in Sources */ = {isa = PBXBuildFile; fileRef = 55B5DA511F3ED1C800194EF9 /* AppDelegate.swift */; };
		55B5DA541F3ED1C800194EF9 /* ViewController.swift in Sources */ = {isa = PBXBuildFile; fileRef = 55B5DA531F3ED1C800194EF9 /* ViewController.swift */; };
		55B5DA571F3ED1C800194EF9 /* Main.storyboard in Resources */ = {isa = PBXBuildFile; fileRef = 55B5DA551F3ED1C800194EF9 /* Main.storyboard */; };
		55B5DA591F3ED1C800194EF9 /* Assets.xcassets in Resources */ = {isa = PBXBuildFile; fileRef = 55B5DA581F3ED1C800194EF9 /* Assets.xcassets */; };
		55B5DA5C1F3ED1C800194EF9 /* LaunchScreen.storyboard in Resources */ = {isa = PBXBuildFile; fileRef = 55B5DA5A1F3ED1C800194EF9 /* LaunchScreen.storyboard */; };
/* End PBXBuildFile section */

/* Begin PBXFileReference section */
		55B5DA4E1F3ED1C800194EF9 /* Hustle-mode.app */ = {isa = PBXFileReference; explicitFileType = wrapper.application; includeInIndex = 0; path = "Hustle-mode.app"; sourceTree = BUILT_PRODUCTS_DIR; };
		55B5DA511F3ED1C800194EF9 /* AppDelegate.swift */ = {isa = PBXFileReference; lastKnownFileType = sourcecode.swift; path = AppDelegate.swift; sourceTree = "<group>"; };
		55B5DA531F3ED1C800194EF9 /* ViewController.swift */ = {isa = PBXFileReference; lastKnownFileType = sourcecode.swift; path = ViewController.swift; sourceTree = "<group>"; };
		55B5DA561F3ED1C800194EF9 /* Base */ = {isa = PBXFileReference; lastKnownFileType = file.storyboard; name = Base; path = Base.lproj/Main.storyboard; sourceTree = "<group>"; };
		55B5DA581F3ED1C800194EF9 /* Assets.xcassets */ = {isa = PBXFileReference; lastKnownFileType = folder.assetcatalog; path = Assets.xcassets; sourceTree = "<group>"; };
		55B5DA5B1F3ED1C800194EF9 /* Base */ = {isa = PBXFileReference; lastKnownFileType = file.storyboard; name = Base; path = Base.lproj/LaunchScreen.storyboard; sourceTree = "<group>"; };
		55B5DA5D1F3ED1C800194EF9 /* Info.plist */ = {isa = PBXFileReference; lastKnownFileType = text.plist.xml; path = Info.plist; sourceTree = "<group>"; };
/* End PBXFileReference section */

/* Begin PBXFrameworksBuildPhase section */
		55B5DA4B1F3ED1C800194EF9 /* Frameworks */ = {
			isa = PBXFrameworksBuildPhase;
			buildActionMask = 2147483647;
			files = (
			);
			runOnlyForDeploymentPostprocessing = 0;
		};
/* End PBXFrameworksBuildPhase section */

/* Begin PBXGroup section */
		55B5DA451F3ED1C800194EF9 = {
			isa = PBXGroup;
			children = (
				55B5DA501F3ED1C800194EF9 /* Hustle-mode */,
				55B5DA4F1F3ED1C800194EF9 /* Products */,
			);
			sourceTree = "<group>";
		};
		55B5DA4F1F3ED1C800194EF9 /* Products */ = {
			isa = PBXGroup;
			children = (
				55B5DA4E1F3ED1C800194EF9 /* Hustle-mode.app */,
			);
			name = Products;
			sourceTree = "<group>";
		};
		55B5DA501F3ED1C800194EF9 /* Hustle-mode */ = {
			isa = PBXGroup;
			children = (
				55B5DA511F3ED1C800194EF9 /* AppDelegate.swift */,
				55B5DA531F3ED1C800194EF9 /* ViewController.swift */,
				55B5DA551F3ED1C800194EF9 /* Main.storyboard */,
				55B5DA581F3ED1C800194EF9 /* Assets.xcassets */,
				55B5DA5A1F3ED1C800194EF9 /* LaunchScreen.storyboard */,
				55B5DA5D1F3ED1C800194EF9 /* Info.plist */,
			);
			path = "Hustle-mode";
			sourceTree = "<group>";
		};
/* End PBXGroup section */

/* Begin PBXNativeTarget section */
		55B5DA4D1F3ED1C800194EF9 /* Hustle-mode */ = {
			isa = PBXNativeTarget;
			buildConfigurationList = 55B5DA601F3ED1C800194EF9 /* Build configuration list for PBXNativeTarget "Hustle-mode" */;
			buildPhases = (
				55B5DA4A1F3ED1C800194EF9 /* Sources */,
				55B5DA4B1F3ED1C800194EF9 /* Frameworks */,
				55B5DA4C1F3ED1C800194EF9 /* Resources */,
			);
			buildRules = (
			);
			dependencies = (
			);
			name = "Hustle-mode";
			productName = "Hustle-mode";
			productReference = 55B5DA4E1F3ED1C800194EF9 /* Hustle-mode.app */;
			productType = "com.apple.product-type.application";
		};
/* End PBXNativeTarget section */

/* Begin PBXProject section */
		55B5DA461F3ED1C800194EF9 /* Project object */ = {
			isa = PBXProject;
			attributes = {
				LastSwiftUpdateCheck = 0900;
				LastUpgradeCheck = 0900;
				ORGANIZATIONNAME = "Dave Rothschild";
				TargetAttributes = {
					55B5DA4D1F3ED1C800194EF9 = {
						CreatedOnToolsVersion = 9.0;
					};
				};
			};
			buildConfigurationList = 55B5DA491F3ED1C800194EF9 /* Build configuration list for PBXProject "Hustle-mode" */;
			compatibilityVersion = "Xcode 8.0";
			developmentRegion = en;
			hasScannedForEncodings = 0;
			knownRegions = (
				en,
				Base,
			);
			mainGroup = 55B5DA451F3ED1C800194EF9;
			productRefGroup = 55B5DA4F1F3ED1C800194EF9 /* Products */;
			projectDirPath = "";
			projectRoot = "";
			targets = (
				55B5DA4D1F3ED1C800194EF9 /* Hustle-mode */,
			);
		};
/* End PBXProject section */

/* Begin PBXResourcesBuildPhase section */
		55B5DA4C1F3ED1C800194EF9 /* Resources */ = {
			isa = PBXResourcesBuildPhase;
			buildActionMask = 2147483647;
			files = (
				55B5DA5C1F3ED1C800194EF9 /* LaunchScreen.storyboard in Resources */,
				55B5DA591F3ED1C800194EF9 /* Assets.xcassets in Resources */,
				55B5DA571F3ED1C800194EF9 /* Main.storyboard in Resources */,
			);
			runOnlyForDeploymentPostprocessing = 0;
		};
/* End PBXResourcesBuildPhase section */

/* Begin PBXSourcesBuildPhase section */
		55B5DA4A1F3ED1C800194EF9 /* Sources */ = {
			isa = PBXSourcesBuildPhase;
			buildActionMask = 2147483647;
			files = (
				55B5DA541F3ED1C800194EF9 /* ViewController.swift in Sources */,
				55B5DA521F3ED1C800194EF9 /* AppDelegate.swift in Sources */,
			);
			runOnlyForDeploymentPostprocessing = 0;
		};
/* End PBXSourcesBuildPhase section */

/* Begin PBXVariantGroup section */
		55B5DA551F3ED1C800194EF9 /* Main.storyboard */ = {
			isa = PBXVariantGroup;
			children = (
				55B5DA561F3ED1C800194EF9 /* Base */,
			);
			name = Main.storyboard;
			sourceTree = "<group>";
		};
		55B5DA5A1F3ED1C800194EF9 /* LaunchScreen.storyboard */ = {
			isa = PBXVariantGroup;
			children = (
				55B5DA5B1F3ED1C800194EF9 /* Base */,
			);
			name = LaunchScreen.storyboard;
			sourceTree = "<group>";
		};
/* End PBXVariantGroup section */

/* Begin XCBuildConfiguration section */
		55B5DA5E1F3ED1C800194EF9 /* Debug */ = {
			isa = XCBuildConfiguration;
			buildSettings = {
				ALWAYS_SEARCH_USER_PATHS = NO;
				CLANG_ANALYZER_NONNULL = YES;
				CLANG_ANALYZER_NUMBER_OBJECT_CONVERSION = YES_AGGRESSIVE;
				CLANG_CXX_LANGUAGE_STANDARD = "gnu++14";
				CLANG_CXX_LIBRARY = "libc++";
				CLANG_ENABLE_MODULES = YES;
				CLANG_ENABLE_OBJC_ARC = YES;
				CLANG_WARN_BLOCK_CAPTURE_AUTORELEASING = YES;
				CLANG_WARN_BOOL_CONVERSION = YES;
				CLANG_WARN_COMMA = YES;
				CLANG_WARN_CONSTANT_CONVERSION = YES;
				CLANG_WARN_DIRECT_OBJC_ISA_USAGE = YES_ERROR;
				CLANG_WARN_DOCUMENTATION_COMMENTS = YES;
				CLANG_WARN_EMPTY_BODY = YES;
				CLANG_WARN_ENUM_CONVERSION = YES;
				CLANG_WARN_INFINITE_RECURSION = YES;
				CLANG_WARN_INT_CONVERSION = YES;
				CLANG_WARN_OBJC_ROOT_CLASS = YES_ERROR;
				CLANG_WARN_RANGE_LOOP_ANALYSIS = YES;
				CLANG_WARN_STRICT_PROTOTYPES = YES;
				CLANG_WARN_SUSPICIOUS_MOVE = YES;
				CLANG_WARN_UNGUARDED_AVAILABILITY = YES_AGGRESSIVE;
				CLANG_WARN_UNREACHABLE_CODE = YES;
				CLANG_WARN__DUPLICATE_METHOD_MATCH = YES;
				CODE_SIGN_IDENTITY = "iPhone Developer";
				COPY_PHASE_STRIP = NO;
				DEBUG_INFORMATION_FORMAT = dwarf;
				ENABLE_STRICT_OBJC_MSGSEND = YES;
				ENABLE_TESTABILITY = YES;
				GCC_C_LANGUAGE_STANDARD = gnu11;
				GCC_DYNAMIC_NO_PIC = NO;
				GCC_NO_COMMON_BLOCKS = YES;
				GCC_OPTIMIZATION_LEVEL = 0;
				GCC_PREPROCESSOR_DEFINITIONS = (
					"DEBUG=1",
					"$(inherited)",
				);
				GCC_WARN_64_TO_32_BIT_CONVERSION = YES;
				GCC_WARN_ABOUT_RETURN_TYPE = YES_ERROR;
				GCC_WARN_UNDECLARED_SELECTOR = YES;
				GCC_WARN_UNINITIALIZED_AUTOS = YES_AGGRESSIVE;
				GCC_WARN_UNUSED_FUNCTION = YES;
				GCC_WARN_UNUSED_VARIABLE = YES;
				IPHONEOS_DEPLOYMENT_TARGET = 11.0;
				MTL_ENABLE_DEBUG_INFO = YES;
				ONLY_ACTIVE_ARCH = YES;
				SDKROOT = iphoneos;
				SWIFT_ACTIVE_COMPILATION_CONDITIONS = DEBUG;
				SWIFT_OPTIMIZATION_LEVEL = "-Onone";
			};
			name = Debug;
		};
		55B5DA5F1F3ED1C800194EF9 /* Release */ = {
			isa = XCBuildConfiguration;
			buildSettings = {
				ALWAYS_SEARCH_USER_PATHS = NO;
				CLANG_ANALYZER_NONNULL = YES;
				CLANG_ANALYZER_NUMBER_OBJECT_CONVERSION = YES_AGGRESSIVE;
				CLANG_CXX_LANGUAGE_STANDARD = "gnu++14";
				CLANG_CXX_LIBRARY = "libc++";
				CLANG_ENABLE_MODULES = YES;
				CLANG_ENABLE_OBJC_ARC = YES;
				CLANG_WARN_BLOCK_CAPTURE_AUTORELEASING = YES;
				CLANG_WARN_BOOL_CONVERSION = YES;
				CLANG_WARN_COMMA = YES;
				CLANG_WARN_CONSTANT_CONVERSION = YES;
				CLANG_WARN_DIRECT_OBJC_ISA_USAGE = YES_ERROR;
				CLANG_WARN_DOCUMENTATION_COMMENTS = YES;
				CLANG_WARN_EMPTY_BODY = YES;
				CLANG_WARN_ENUM_CONVERSION = YES;
				CLANG_WARN_INFINITE_RECURSION = YES;
				CLANG_WARN_INT_CONVERSION = YES;
				CLANG_WARN_OBJC_ROOT_CLASS = YES_ERROR;
				CLANG_WARN_RANGE_LOOP_ANALYSIS = YES;
				CLANG_WARN_STRICT_PROTOTYPES = YES;
				CLANG_WARN_SUSPICIOUS_MOVE = YES;
				CLANG_WARN_UNGUARDED_AVAILABILITY = YES_AGGRESSIVE;
				CLANG_WARN_UNREACHABLE_CODE = YES;
				CLANG_WARN__DUPLICATE_METHOD_MATCH = YES;
				CODE_SIGN_IDENTITY = "iPhone Developer";
				COPY_PHASE_STRIP = NO;
				DEBUG_INFORMATION_FORMAT = "dwarf-with-dsym";
				ENABLE_NS_ASSERTIONS = NO;
				ENABLE_STRICT_OBJC_MSGSEND = YES;
				GCC_C_LANGUAGE_STANDARD = gnu11;
				GCC_NO_COMMON_BLOCKS = YES;
				GCC_WARN_64_TO_32_BIT_CONVERSION = YES;
				GCC_WARN_ABOUT_RETURN_TYPE = YES_ERROR;
				GCC_WARN_UNDECLARED_SELECTOR = YES;
				GCC_WARN_UNINITIALIZED_AUTOS = YES_AGGRESSIVE;
				GCC_WARN_UNUSED_FUNCTION = YES;
				GCC_WARN_UNUSED_VARIABLE = YES;
				IPHONEOS_DEPLOYMENT_TARGET = 11.0;
				MTL_ENABLE_DEBUG_INFO = NO;
				SDKROOT = iphoneos;
				SWIFT_OPTIMIZATION_LEVEL = "-Owholemodule";
				VALIDATE_PRODUCT = YES;
			};
			name = Release;
		};
		55B5DA611F3ED1C800194EF9 /* Debug */ = {
			isa = XCBuildConfiguration;
			buildSettings = {
				ASSETCATALOG_COMPILER_APPICON_NAME = AppIcon;
				INFOPLIST_FILE = "Hustle-mode/Info.plist";
				LD_RUNPATH_SEARCH_PATHS = "$(inherited) @executable_path/Frameworks";
				PRODUCT_BUNDLE_IDENTIFIER = "com.daverothschild.Hustle-mode";
				PRODUCT_NAME = "$(TARGET_NAME)";
				SWIFT_VERSION = 4.0;
				TARGETED_DEVICE_FAMILY = "1,2";
			};
			name = Debug;
		};
		55B5DA621F3ED1C800194EF9 /* Release */ = {
			isa = XCBuildConfiguration;
			buildSettings = {
				ASSETCATALOG_COMPILER_APPICON_NAME = AppIcon;
				INFOPLIST_FILE = "Hustle-mode/Info.plist";
				LD_RUNPATH_SEARCH_PATHS = "$(inherited) @executable_path/Frameworks";
				PRODUCT_BUNDLE_IDENTIFIER = "com.daverothschild.Hustle-mode";
				PRODUCT_NAME = "$(TARGET_NAME)";
				SWIFT_VERSION = 4.0;
				TARGETED_DEVICE_FAMILY = "1,2";
			};
			name = Release;
		};
/* End XCBuildConfiguration section */

/* Begin XCConfigurationList section */
		55B5DA491F3ED1C800194EF9 /* Build configuration list for PBXProject "Hustle-mode" */ = {
			isa = XCConfigurationList;
			buildConfigurations = (
				55B5DA5E1F3ED1C800194EF9 /* Debug */,
				55B5DA5F1F3ED1C800194EF9 /* Release */,
			);
			defaultConfigurationIsVisible = 0;
			defaultConfigurationName = Release;
		};
		55B5DA601F3ED1C800194EF9 /* Build configuration list for PBXNativeTarget "Hustle-mode" */ = {
			isa = XCConfigurationList;
			buildConfigurations = (
				55B5DA611F3ED1C800194EF9 /* Debug */,
				55B5DA621F3ED1C800194EF9 /* Release */,
			);
			defaultConfigurationIsVisible = 0;
		};
/* End XCConfigurationList section */
	};
	rootObject = 55B5DA461F3ED1C800194EF9 /* Project object */;
}
